
Microsoft Visual Studio Solution File, Format Version 12.00
# Visual Studio Version 17
VisualStudioVersion = 17.8.34330.188
MinimumVisualStudioVersion = 10.0.40219.1
Project("{9A19103F-16F7-4668-BE54-9A1E7A4F7556}") = "PartsTracker", "PartsTracker\PartsTracker.csproj", "{AA3632D8-DF4A-4048-8450-5069BFB83C2C}"
EndProject
Project("{E53339B2-1760-4266-BCC7-CA923CBCF16C}") = "docker-compose", "docker-compose.dcproj", "{8CB53B66-9DD3-43EF-8C9F-0DF8C73637B8}"
EndProject
Project("{2150E333-8FDC-42A3-9474-1A3956D46DE8}") = "Solution Items", "Solution Items", "{1041FBCD-C258-4DFE-8B94-07A3C55D596C}"
	ProjectSection(SolutionItems) = preProject
		PartsTacker.Tests\PartsTacker.Tests.csproj = PartsTacker.Tests\PartsTacker.Tests.csproj
	EndProjectSection
EndProject
Project("{9A19103F-16F7-4668-BE54-9A1E7A4F7556}") = "PartsTacker.Tests", "PartsTacker.Tests\PartsTacker.Tests.csproj", "{7693DCBB-4802-4AA8-90C8-7513652A2A29}"
EndProject
Global
	GlobalSection(SolutionConfigurationPlatforms) = preSolution
		Debug|Any CPU = Debug|Any CPU
		Release|Any CPU = Release|Any CPU
	EndGlobalSection
	GlobalSection(ProjectConfigurationPlatforms) = postSolution
		{AA3632D8-DF4A-4048-8450-5069BFB83C2C}.Debug|Any CPU.ActiveCfg = Debug|Any CPU
		{AA3632D8-DF4A-4048-8450-5069BFB83C2C}.Debug|Any CPU.Build.0 = Debug|Any CPU
		{AA3632D8-DF4A-4048-8450-5069BFB83C2C}.Release|Any CPU.ActiveCfg = Release|Any CPU
		{AA3632D8-DF4A-4048-8450-5069BFB83C2C}.Release|Any CPU.Build.0 = Release|Any CPU
		{8CB53B66-9DD3-43EF-8C9F-0DF8C73637B8}.Debug|Any CPU.ActiveCfg = Debug|Any CPU
		{8CB53B66-9DD3-43EF-8C9F-0DF8C73637B8}.Debug|Any CPU.Build.0 = Debug|Any CPU
		{8CB53B66-9DD3-43EF-8C9F-0DF8C73637B8}.Release|Any CPU.ActiveCfg = Release|Any CPU
		{8CB53B66-9DD3-43EF-8C9F-0DF8C73637B8}.Release|Any CPU.Build.0 = Release|Any CPU
		{7693DCBB-4802-4AA8-90C8-7513652A2A29}.Debug|Any CPU.ActiveCfg = Debug|Any CPU
		{7693DCBB-4802-4AA8-90C8-7513652A2A29}.Debug|Any CPU.Build.0 = Debug|Any CPU
		{7693DCBB-4802-4AA8-90C8-7513652A2A29}.Release|Any CPU.ActiveCfg = Release|Any CPU
		{7693DCBB-4802-4AA8-90C8-7513652A2A29}.Release|Any CPU.Build.0 = Release|Any CPU
	EndGlobalSection
	GlobalSection(SolutionProperties) = preSolution
		HideSolutionNode = FALSE
	EndGlobalSection
	GlobalSection(ExtensibilityGlobals) = postSolution
		SolutionGuid = {398C53F8-C23C-4D02-BCF6-0514932BFF7F}
	EndGlobalSection
EndGlobal
